// !$*UTF8*$!
{
	archiveVersion = 1;
	classes = {
	};
	objectVersion = 46;
	objects = {

/* Begin PBXBuildFile section */
		CD0F456E1C1A31BE00A4A3F1 /* AppDelegate.swift in Sources */ = {isa = PBXBuildFile; fileRef = CD0F456D1C1A31BE00A4A3F1 /* AppDelegate.swift */; };
		CD0F45701C1A31BE00A4A3F1 /* GPXViewController.swift in Sources */ = {isa = PBXBuildFile; fileRef = CD0F456F1C1A31BE00A4A3F1 /* GPXViewController.swift */; };
		CD0F45751C1A31BE00A4A3F1 /* Assets.xcassets in Resources */ = {isa = PBXBuildFile; fileRef = CD0F45741C1A31BE00A4A3F1 /* Assets.xcassets */; };
		CD0F45781C1A31BE00A4A3F1 /* LaunchScreen.storyboard in Resources */ = {isa = PBXBuildFile; fileRef = CD0F45761C1A31BE00A4A3F1 /* LaunchScreen.storyboard */; };
		CD0F45831C1A31BE00A4A3F1 /* TraxTests.swift in Sources */ = {isa = PBXBuildFile; fileRef = CD0F45821C1A31BE00A4A3F1 /* TraxTests.swift */; };
		CD0F458E1C1A31BE00A4A3F1 /* TraxUITests.swift in Sources */ = {isa = PBXBuildFile; fileRef = CD0F458D1C1A31BE00A4A3F1 /* TraxUITests.swift */; };
		CD3771D41C20765800F988E6 /* GPX.swift in Sources */ = {isa = PBXBuildFile; fileRef = CD3771D31C20765800F988E6 /* GPX.swift */; };
/* End PBXBuildFile section */

/* Begin PBXContainerItemProxy section */
		CD0F457F1C1A31BE00A4A3F1 /* PBXContainerItemProxy */ = {
			isa = PBXContainerItemProxy;
			containerPortal = CD0F45621C1A31BE00A4A3F1 /* Project object */;
			proxyType = 1;
			remoteGlobalIDString = CD0F45691C1A31BE00A4A3F1;
			remoteInfo = Trax;
		};
		CD0F458A1C1A31BE00A4A3F1 /* PBXContainerItemProxy */ = {
			isa = PBXContainerItemProxy;
			containerPortal = CD0F45621C1A31BE00A4A3F1 /* Project object */;
			proxyType = 1;
			remoteGlobalIDString = CD0F45691C1A31BE00A4A3F1;
			remoteInfo = Trax;
		};
/* End PBXContainerItemProxy section */

/* Begin PBXFileReference section */
		CD0F456A1C1A31BE00A4A3F1 /* Trax.app */ = {isa = PBXFileReference; explicitFileType = wrapper.application; includeInIndex = 0; path = Trax.app; sourceTree = BUILT_PRODUCTS_DIR; };
		CD0F456D1C1A31BE00A4A3F1 /* AppDelegate.swift */ = {isa = PBXFileReference; lastKnownFileType = sourcecode.swift; path = AppDelegate.swift; sourceTree = "<group>"; };
		CD0F456F1C1A31BE00A4A3F1 /* GPXViewController.swift */ = {isa = PBXFileReference; lastKnownFileType = sourcecode.swift; path = GPXViewController.swift; sourceTree = "<group>"; };
		CD0F45741C1A31BE00A4A3F1 /* Assets.xcassets */ = {isa = PBXFileReference; lastKnownFileType = folder.assetcatalog; name = Assets.xcassets; path = ../Trax/Assets.xcassets; sourceTree = "<group>"; };
		CD0F45771C1A31BE00A4A3F1 /* Base */ = {isa = PBXFileReference; lastKnownFileType = file.storyboard; name = Base; path = Base.lproj/LaunchScreen.storyboard; sourceTree = "<group>"; };
		CD0F45791C1A31BE00A4A3F1 /* Info.plist */ = {isa = PBXFileReference; lastKnownFileType = text.plist.xml; path = Info.plist; sourceTree = "<group>"; };
		CD0F457E1C1A31BE00A4A3F1 /* TraxTests.xctest */ = {isa = PBXFileReference; explicitFileType = wrapper.cfbundle; includeInIndex = 0; path = TraxTests.xctest; sourceTree = BUILT_PRODUCTS_DIR; };
		CD0F45821C1A31BE00A4A3F1 /* TraxTests.swift */ = {isa = PBXFileReference; lastKnownFileType = sourcecode.swift; path = TraxTests.swift; sourceTree = "<group>"; };
		CD0F45841C1A31BE00A4A3F1 /* Info.plist */ = {isa = PBXFileReference; lastKnownFileType = text.plist.xml; path = Info.plist; sourceTree = "<group>"; };
		CD0F45891C1A31BE00A4A3F1 /* TraxUITests.xctest */ = {isa = PBXFileReference; explicitFileType = wrapper.cfbundle; includeInIndex = 0; path = TraxUITests.xctest; sourceTree = BUILT_PRODUCTS_DIR; };
		CD0F458D1C1A31BE00A4A3F1 /* TraxUITests.swift */ = {isa = PBXFileReference; lastKnownFileType = sourcecode.swift; path = TraxUITests.swift; sourceTree = "<group>"; };
		CD0F458F1C1A31BE00A4A3F1 /* Info.plist */ = {isa = PBXFileReference; lastKnownFileType = text.plist.xml; path = Info.plist; sourceTree = "<group>"; };
		CD3771D31C20765800F988E6 /* GPX.swift */ = {isa = PBXFileReference; fileEncoding = 4; lastKnownFileType = sourcecode.swift; path = GPX.swift; sourceTree = "<group>"; };
/* End PBXFileReference section */

/* Begin PBXFrameworksBuildPhase section */
		CD0F45671C1A31BE00A4A3F1 /* Frameworks */ = {
			isa = PBXFrameworksBuildPhase;
			buildActionMask = 2147483647;
			files = (
			);
			runOnlyForDeploymentPostprocessing = 0;
		};
		CD0F457B1C1A31BE00A4A3F1 /* Frameworks */ = {
			isa = PBXFrameworksBuildPhase;
			buildActionMask = 2147483647;
			files = (
			);
			runOnlyForDeploymentPostprocessing = 0;
		};
		CD0F45861C1A31BE00A4A3F1 /* Frameworks */ = {
			isa = PBXFrameworksBuildPhase;
			buildActionMask = 2147483647;
			files = (
			);
			runOnlyForDeploymentPostprocessing = 0;
		};
/* End PBXFrameworksBuildPhase section */

/* Begin PBXGroup section */
		CD0F45611C1A31BE00A4A3F1 = {
			isa = PBXGroup;
			children = (
				CD0F456C1C1A31BE00A4A3F1 /* Trax */,
				CD0F45811C1A31BE00A4A3F1 /* TraxTests */,
				CD0F458C1C1A31BE00A4A3F1 /* TraxUITests */,
				CD0F456B1C1A31BE00A4A3F1 /* Products */,
			);
			sourceTree = "<group>";
		};
		CD0F456B1C1A31BE00A4A3F1 /* Products */ = {
			isa = PBXGroup;
			children = (
				CD0F456A1C1A31BE00A4A3F1 /* Trax.app */,
				CD0F457E1C1A31BE00A4A3F1 /* TraxTests.xctest */,
				CD0F45891C1A31BE00A4A3F1 /* TraxUITests.xctest */,
			);
			name = Products;
			sourceTree = "<group>";
		};
		CD0F456C1C1A31BE00A4A3F1 /* Trax */ = {
			isa = PBXGroup;
			children = (
				CD0F45761C1A31BE00A4A3F1 /* LaunchScreen.storyboard */,
				CD3771D31C20765800F988E6 /* GPX.swift */,
				CD0F456D1C1A31BE00A4A3F1 /* AppDelegate.swift */,
				CD0F456F1C1A31BE00A4A3F1 /* GPXViewController.swift */,
				CD0F45791C1A31BE00A4A3F1 /* Info.plist */,
			);
			path = Trax;
			sourceTree = "<group>";
		};
		CD0F45811C1A31BE00A4A3F1 /* TraxTests */ = {
			isa = PBXGroup;
			children = (
				CD0F45821C1A31BE00A4A3F1 /* TraxTests.swift */,
				CD0F45841C1A31BE00A4A3F1 /* Info.plist */,
			);
			path = TraxTests;
			sourceTree = "<group>";
		};
		CD0F458C1C1A31BE00A4A3F1 /* TraxUITests */ = {
			isa = PBXGroup;
			children = (
				CD0F45741C1A31BE00A4A3F1 /* Assets.xcassets */,
				CD0F458D1C1A31BE00A4A3F1 /* TraxUITests.swift */,
				CD0F458F1C1A31BE00A4A3F1 /* Info.plist */,
			);
			path = TraxUITests;
			sourceTree = "<group>";
		};
/* End PBXGroup section */

/* Begin PBXNativeTarget section */
		CD0F45691C1A31BE00A4A3F1 /* Trax */ = {
			isa = PBXNativeTarget;
			buildConfigurationList = CD0F45921C1A31BE00A4A3F1 /* Build configuration list for PBXNativeTarget "Trax" */;
			buildPhases = (
				CD0F45661C1A31BE00A4A3F1 /* Sources */,
				CD0F45671C1A31BE00A4A3F1 /* Frameworks */,
				CD0F45681C1A31BE00A4A3F1 /* Resources */,
			);
			buildRules = (
			);
			dependencies = (
			);
			name = Trax;
			productName = Trax;
			productReference = CD0F456A1C1A31BE00A4A3F1 /* Trax.app */;
			productType = "com.apple.product-type.application";
		};
		CD0F457D1C1A31BE00A4A3F1 /* TraxTests */ = {
			isa = PBXNativeTarget;
			buildConfigurationList = CD0F45951C1A31BE00A4A3F1 /* Build configuration list for PBXNativeTarget "TraxTests" */;
			buildPhases = (
				CD0F457A1C1A31BE00A4A3F1 /* Sources */,
				CD0F457B1C1A31BE00A4A3F1 /* Frameworks */,
				CD0F457C1C1A31BE00A4A3F1 /* Resources */,
			);
			buildRules = (
			);
			dependencies = (
				CD0F45801C1A31BE00A4A3F1 /* PBXTargetDependency */,
			);
			name = TraxTests;
			productName = TraxTests;
			productReference = CD0F457E1C1A31BE00A4A3F1 /* TraxTests.xctest */;
			productType = "com.apple.product-type.bundle.unit-test";
		};
		CD0F45881C1A31BE00A4A3F1 /* TraxUITests */ = {
			isa = PBXNativeTarget;
			buildConfigurationList = CD0F45981C1A31BE00A4A3F1 /* Build configuration list for PBXNativeTarget "TraxUITests" */;
			buildPhases = (
				CD0F45851C1A31BE00A4A3F1 /* Sources */,
				CD0F45861C1A31BE00A4A3F1 /* Frameworks */,
				CD0F45871C1A31BE00A4A3F1 /* Resources */,
			);
			buildRules = (
			);
			dependencies = (
				CD0F458B1C1A31BE00A4A3F1 /* PBXTargetDependency */,
			);
			name = TraxUITests;
			productName = TraxUITests;
			productReference = CD0F45891C1A31BE00A4A3F1 /* TraxUITests.xctest */;
			productType = "com.apple.product-type.bundle.ui-testing";
		};
/* End PBXNativeTarget section */

/* Begin PBXProject section */
		CD0F45621C1A31BE00A4A3F1 /* Project object */ = {
			isa = PBXProject;
			attributes = {
				LastSwiftUpdateCheck = 0710;
				LastUpgradeCheck = 0710;
				ORGANIZATIONNAME = "Valentina Henao";
				TargetAttributes = {
					CD0F45691C1A31BE00A4A3F1 = {
						CreatedOnToolsVersion = 7.1.1;
					};
					CD0F457D1C1A31BE00A4A3F1 = {
						CreatedOnToolsVersion = 7.1.1;
						TestTargetID = CD0F45691C1A31BE00A4A3F1;
					};
					CD0F45881C1A31BE00A4A3F1 = {
						CreatedOnToolsVersion = 7.1.1;
						TestTargetID = CD0F45691C1A31BE00A4A3F1;
					};
				};
			};
			buildConfigurationList = CD0F45651C1A31BE00A4A3F1 /* Build configuration list for PBXProject "Trax" */;
			compatibilityVersion = "Xcode 3.2";
			developmentRegion = English;
			hasScannedForEncodings = 0;
			knownRegions = (
				en,
				Base,
			);
			mainGroup = CD0F45611C1A31BE00A4A3F1;
			productRefGroup = CD0F456B1C1A31BE00A4A3F1 /* Products */;
			projectDirPath = "";
			projectRoot = "";
			targets = (
				CD0F45691C1A31BE00A4A3F1 /* Trax */,
				CD0F457D1C1A31BE00A4A3F1 /* TraxTests */,
				CD0F45881C1A31BE00A4A3F1 /* TraxUITests */,
			);
		};
/* End PBXProject section */

/* Begin PBXResourcesBuildPhase section */
		CD0F45681C1A31BE00A4A3F1 /* Resources */ = {
			isa = PBXResourcesBuildPhase;
			buildActionMask = 2147483647;
			files = (
				CD0F45781C1A31BE00A4A3F1 /* LaunchScreen.storyboard in Resources */,
				CD0F45751C1A31BE00A4A3F1 /* Assets.xcassets in Resources */,
			);
			runOnlyForDeploymentPostprocessing = 0;
		};
		CD0F457C1C1A31BE00A4A3F1 /* Resources */ = {
			isa = PBXResourcesBuildPhase;
			buildActionMask = 2147483647;
			files = (
			);
			runOnlyForDeploymentPostprocessing = 0;
		};
		CD0F45871C1A31BE00A4A3F1 /* Resources */ = {
			isa = PBXResourcesBuildPhase;
			buildActionMask = 2147483647;
			files = (
			);
			runOnlyForDeploymentPostprocessing = 0;
		};
/* End PBXResourcesBuildPhase section */

/* Begin PBXSourcesBuildPhase section */
		CD0F45661C1A31BE00A4A3F1 /* Sources */ = {
			isa = PBXSourcesBuildPhase;
			buildActionMask = 2147483647;
			files = (
				CD0F45701C1A31BE00A4A3F1 /* GPXViewController.swift in Sources */,
				CD0F456E1C1A31BE00A4A3F1 /* AppDelegate.swift in Sources */,
				CD3771D41C20765800F988E6 /* GPX.swift in Sources */,
			);
			runOnlyForDeploymentPostprocessing = 0;
		};
		CD0F457A1C1A31BE00A4A3F1 /* Sources */ = {
			isa = PBXSourcesBuildPhase;
			buildActionMask = 2147483647;
			files = (
				CD0F45831C1A31BE00A4A3F1 /* TraxTests.swift in Sources */,
			);
			runOnlyForDeploymentPostprocessing = 0;
		};
		CD0F45851C1A31BE00A4A3F1 /* Sources */ = {
			isa = PBXSourcesBuildPhase;
			buildActionMask = 2147483647;
			files = (
				CD0F458E1C1A31BE00A4A3F1 /* TraxUITests.swift in Sources */,
			);
			runOnlyForDeploymentPostprocessing = 0;
		};
/* End PBXSourcesBuildPhase section */

/* Begin PBXTargetDependency section */
		CD0F45801C1A31BE00A4A3F1 /* PBXTargetDependency */ = {
			isa = PBXTargetDependency;
			target = CD0F45691C1A31BE00A4A3F1 /* Trax */;
			targetProxy = CD0F457F1C1A31BE00A4A3F1 /* PBXContainerItemProxy */;
		};
		CD0F458B1C1A31BE00A4A3F1 /* PBXTargetDependency */ = {
			isa = PBXTargetDependency;
			target = CD0F45691C1A31BE00A4A3F1 /* Trax */;
			targetProxy = CD0F458A1C1A31BE00A4A3F1 /* PBXContainerItemProxy */;
		};
/* End PBXTargetDependency section */

/* Begin PBXVariantGroup section */
		CD0F45761C1A31BE00A4A3F1 /* LaunchScreen.storyboard */ = {
			isa = PBXVariantGroup;
			children = (
				CD0F45771C1A31BE00A4A3F1 /* Base */,
			);
			name = LaunchScreen.storyboard;
			sourceTree = "<group>";
		};
/* End PBXVariantGroup section */

/* Begin XCBuildConfiguration section */
		CD0F45901C1A31BE00A4A3F1 /* Debug */ = {
			isa = XCBuildConfiguration;
			buildSettings = {
				ALWAYS_SEARCH_USER_PATHS = NO;
				CLANG_CXX_LANGUAGE_STANDARD = "gnu++0x";
				CLANG_CXX_LIBRARY = "libc++";
				CLANG_ENABLE_MODULES = YES;
				CLANG_ENABLE_OBJC_ARC = YES;
				CLANG_WARN_BOOL_CONVERSION = YES;
				CLANG_WARN_CONSTANT_CONVERSION = YES;
				CLANG_WARN_DIRECT_OBJC_ISA_USAGE = YES_ERROR;
				CLANG_WARN_EMPTY_BODY = YES;
				CLANG_WARN_ENUM_CONVERSION = YES;
				CLANG_WARN_INT_CONVERSION = YES;
				CLANG_WARN_OBJC_ROOT_CLASS = YES_ERROR;
				CLANG_WARN_UNREACHABLE_CODE = YES;
				CLANG_WARN__DUPLICATE_METHOD_MATCH = YES;
				"CODE_SIGN_IDENTITY[sdk=iphoneos*]" = "iPhone Developer";
				COPY_PHASE_STRIP = NO;
				DEBUG_INFORMATION_FORMAT = dwarf;
				ENABLE_STRICT_OBJC_MSGSEND = YES;
				ENABLE_TESTABILITY = YES;
				GCC_C_LANGUAGE_STANDARD = gnu99;
				GCC_DYNAMIC_NO_PIC = NO;
				GCC_NO_COMMON_BLOCKS = YES;
				GCC_OPTIMIZATION_LEVEL = 0;
				GCC_PREPROCESSOR_DEFINITIONS = (
					"DEBUG=1",
					"$(inherited)",
				);
				GCC_WARN_64_TO_32_BIT_CONVERSION = YES;
				GCC_WARN_ABOUT_RETURN_TYPE = YES_ERROR;
				GCC_WARN_UNDECLARED_SELECTOR = YES;
				GCC_WARN_UNINITIALIZED_AUTOS = YES_AGGRESSIVE;
				GCC_WARN_UNUSED_FUNCTION = YES;
				GCC_WARN_UNUSED_VARIABLE = YES;
				IPHONEOS_DEPLOYMENT_TARGET = 9.1;
				MTL_ENABLE_DEBUG_INFO = YES;
				ONLY_ACTIVE_ARCH = YES;
				SDKROOT = iphoneos;
				SWIFT_OPTIMIZATION_LEVEL = "-Onone";
				TARGETED_DEVICE_FAMILY = "1,2";
			};
			name = Debug;
		};
		CD0F45911C1A31BE00A4A3F1 /* Release */ = {
			isa = XCBuildConfiguration;
			buildSettings = {
				ALWAYS_SEARCH_USER_PATHS = NO;
				CLANG_CXX_LANGUAGE_STANDARD = "gnu++0x";
				CLANG_CXX_LIBRARY = "libc++";
				CLANG_ENABLE_MODULES = YES;
				CLANG_ENABLE_OBJC_ARC = YES;
				CLANG_WARN_BOOL_CONVERSION = YES;
				CLANG_WARN_CONSTANT_CONVERSION = YES;
				CLANG_WARN_DIRECT_OBJC_ISA_USAGE = YES_ERROR;
				CLANG_WARN_EMPTY_BODY = YES;
				CLANG_WARN_ENUM_CONVERSION = YES;
				CLANG_WARN_INT_CONVERSION = YES;
				CLANG_WARN_OBJC_ROOT_CLASS = YES_ERROR;
				CLANG_WARN_UNREACHABLE_CODE = YES;
				CLANG_WARN__DUPLICATE_METHOD_MATCH = YES;
				"CODE_SIGN_IDENTITY[sdk=iphoneos*]" = "iPhone Developer";
				COPY_PHASE_STRIP = NO;
				DEBUG_INFORMATION_FORMAT = "dwarf-with-dsym";
				ENABLE_NS_ASSERTIONS = NO;
				ENABLE_STRICT_OBJC_MSGSEND = YES;
				GCC_C_LANGUAGE_STANDARD = gnu99;
				GCC_NO_COMMON_BLOCKS = YES;
				GCC_WARN_64_TO_32_BIT_CONVERSION = YES;
				GCC_WARN_ABOUT_RETURN_TYPE = YES_ERROR;
				GCC_WARN_UNDECLARED_SELECTOR = YES;
				GCC_WARN_UNINITIALIZED_AUTOS = YES_AGGRESSIVE;
				GCC_WARN_UNUSED_FUNCTION = YES;
				GCC_WARN_UNUSED_VARIABLE = YES;
				IPHONEOS_DEPLOYMENT_TARGET = 9.1;
				MTL_ENABLE_DEBUG_INFO = NO;
				SDKROOT = iphoneos;
				TARGETED_DEVICE_FAMILY = "1,2";
				VALIDATE_PRODUCT = YES;
			};
			name = Release;
		};
		CD0F45931C1A31BE00A4A3F1 /* Debug */ = {
			isa = XCBuildConfiguration;
			buildSettings = {
				ASSETCATALOG_COMPILER_APPICON_NAME = AppIcon;
				INFOPLIST_FILE = Trax/Info.plist;
				LD_RUNPATH_SEARCH_PATHS = "$(inherited) @executable_path/Frameworks";
				PRODUCT_BUNDLE_IDENTIFIER = valentina.henaoar.Trax;
				PRODUCT_NAME = "$(TARGET_NAME)";
			};
			name = Debug;
		};
		CD0F45941C1A31BE00A4A3F1 /* Release */ = {
			isa = XCBuildConfiguration;
			buildSettings = {
				ASSETCATALOG_COMPILER_APPICON_NAME = AppIcon;
				INFOPLIST_FILE = Trax/Info.plist;
				LD_RUNPATH_SEARCH_PATHS = "$(inherited) @executable_path/Frameworks";
				PRODUCT_BUNDLE_IDENTIFIER = valentina.henaoar.Trax;
				PRODUCT_NAME = "$(TARGET_NAME)";
			};
			name = Release;
		};
		CD0F45961C1A31BE00A4A3F1 /* Debug */ = {
			isa = XCBuildConfiguration;
			buildSettings = {
				BUNDLE_LOADER = "$(TEST_HOST)";
				INFOPLIST_FILE = TraxTests/Info.plist;
				LD_RUNPATH_SEARCH_PATHS = "$(inherited) @executable_path/Frameworks @loader_path/Frameworks";
				PRODUCT_BUNDLE_IDENTIFIER = valentina.henaoar.TraxTests;
				PRODUCT_NAME = "$(TARGET_NAME)";
				TEST_HOST = "$(BUILT_PRODUCTS_DIR)/Trax.app/Trax";
			};
			name = Debug;
		};
		CD0F45971C1A31BE00A4A3F1 /* Release */ = {
			isa = XCBuildConfiguration;
			buildSettings = {
				BUNDLE_LOADER = "$(TEST_HOST)";
				INFOPLIST_FILE = TraxTests/Info.plist;
				LD_RUNPATH_SEARCH_PATHS = "$(inherited) @executable_path/Frameworks @loader_path/Frameworks";
				PRODUCT_BUNDLE_IDENTIFIER = valentina.henaoar.TraxTests;
				PRODUCT_NAME = "$(TARGET_NAME)";
				TEST_HOST = "$(BUILT_PRODUCTS_DIR)/Trax.app/Trax";
			};
			name = Release;
		};
		CD0F45991C1A31BE00A4A3F1 /* Debug */ = {
			isa = XCBuildConfiguration;
			buildSettings = {
				INFOPLIST_FILE = TraxUITests/Info.plist;
				LD_RUNPATH_SEARCH_PATHS = "$(inherited) @executable_path/Frameworks @loader_path/Frameworks";
				PRODUCT_BUNDLE_IDENTIFIER = valentina.henaoar.TraxUITests;
				PRODUCT_NAME = "$(TARGET_NAME)";
				TEST_TARGET_NAME = Trax;
				USES_XCTRUNNER = YES;
			};
			name = Debug;
		};
		CD0F459A1C1A31BE00A4A3F1 /* Release */ = {
			isa = XCBuildConfiguration;
			buildSettings = {
				INFOPLIST_FILE = TraxUITests/Info.plist;
				LD_RUNPATH_SEARCH_PATHS = "$(inherited) @executable_path/Frameworks @loader_path/Frameworks";
				PRODUCT_BUNDLE_IDENTIFIER = valentina.henaoar.TraxUITests;
				PRODUCT_NAME = "$(TARGET_NAME)";
				TEST_TARGET_NAME = Trax;
				USES_XCTRUNNER = YES;
			};
			name = Release;
		};
/* End XCBuildConfiguration section */

/* Begin XCConfigurationList section */
		CD0F45651C1A31BE00A4A3F1 /* Build configuration list for PBXProject "Trax" */ = {
			isa = XCConfigurationList;
			buildConfigurations = (
				CD0F45901C1A31BE00A4A3F1 /* Debug */,
				CD0F45911C1A31BE00A4A3F1 /* Release */,
			);
			defaultConfigurationIsVisible = 0;
			defaultConfigurationName = Release;
		};
		CD0F45921C1A31BE00A4A3F1 /* Build configuration list for PBXNativeTarget "Trax" */ = {
			isa = XCConfigurationList;
			buildConfigurations = (
				CD0F45931C1A31BE00A4A3F1 /* Debug */,
				CD0F45941C1A31BE00A4A3F1 /* Release */,
			);
			defaultConfigurationIsVisible = 0;
			defaultConfigurationName = Release;
		};
		CD0F45951C1A31BE00A4A3F1 /* Build configuration list for PBXNativeTarget "TraxTests" */ = {
			isa = XCConfigurationList;
			buildConfigurations = (
				CD0F45961C1A31BE00A4A3F1 /* Debug */,
				CD0F45971C1A31BE00A4A3F1 /* Release */,
			);
			defaultConfigurationIsVisible = 0;
			defaultConfigurationName = Release;
		};
		CD0F45981C1A31BE00A4A3F1 /* Build configuration list for PBXNativeTarget "TraxUITests" */ = {
			isa = XCConfigurationList;
			buildConfigurations = (
				CD0F45991C1A31BE00A4A3F1 /* Debug */,
				CD0F459A1C1A31BE00A4A3F1 /* Release */,
			);
			defaultConfigurationIsVisible = 0;
			defaultConfigurationName = Release;
		};
/* End XCConfigurationList section */
	};
	rootObject = CD0F45621C1A31BE00A4A3F1 /* Project object */;
}
